
Microsoft Visual Studio Solution File, Format Version 12.00
# Visual Studio Version 17
VisualStudioVersion = 17.10.35122.118
MinimumVisualStudioVersion = 10.0.40219.1
Project("{9A19103F-16F7-4668-BE54-9A1E7A4F7556}") = "SampleAddIn2025", "SampleAddIn2025\SampleAddIn2025.csproj", "{8B51AA9F-AED0-4885-9A80-8EBCB2FA1971}"
EndProject
Project("{9A19103F-16F7-4668-BE54-9A1E7A4F7556}") = "SampleAddInModuleNet8", "SampleAddInModuleNet8\SampleAddInModuleNet8.csproj", "{F6CC725A-3159-4B84-B505-DE5726F25C83}"
EndProject
Global
	GlobalSection(SolutionConfigurationPlatforms) = preSolution
		Debug|Any CPU = Debug|Any CPU
		Release|Any CPU = Release|Any CPU
	EndGlobalSection
	GlobalSection(ProjectConfigurationPlatforms) = postSolution
		{8B51AA9F-AED0-4885-9A80-8EBCB2FA1971}.Debug|Any CPU.ActiveCfg = Debug|Any CPU
		{8B51AA9F-AED0-4885-9A80-8EBCB2FA1971}.Debug|Any CPU.Build.0 = Debug|Any CPU
		{8B51AA9F-AED0-4885-9A80-8EBCB2FA1971}.Release|Any CPU.ActiveCfg = Release|Any CPU
		{8B51AA9F-AED0-4885-9A80-8EBCB2FA1971}.Release|Any CPU.Build.0 = Release|Any CPU
		{F6CC725A-3159-4B84-B505-DE5726F25C83}.Debug|Any CPU.ActiveCfg = Debug|Any CPU
		{F6CC725A-3159-4B84-B505-DE5726F25C83}.Debug|Any CPU.Build.0 = Debug|Any CPU
		{F6CC725A-3159-4B84-B505-DE5726F25C83}.Release|Any CPU.ActiveCfg = Release|Any CPU
		{F6CC725A-3159-4B84-B505-DE5726F25C83}.Release|Any CPU.Build.0 = Release|Any CPU
	EndGlobalSection
	GlobalSection(SolutionProperties) = preSolution
		HideSolutionNode = FALSE
	EndGlobalSection
	GlobalSection(ExtensibilityGlobals) = postSolution
		SolutionGuid = {83A8021F-87F3-4CCA-ABEC-D182C4FD477E}
	EndGlobalSection
EndGlobal
